
Microsoft Visual Studio Solution File, Format Version 12.00
# Visual Studio Version 17
VisualStudioVersion = 17.5.002.0
MinimumVisualStudioVersion = 10.0.40219.1
Project("{9A19103F-16F7-4668-BE54-9A1E7A4F7556}") = "Minerals.AutoInterfaces", "Minerals.AutoInterfaces\Minerals.AutoInterfaces.csproj", "{1009E0D3-C4C0-4303-BBC3-D44E17FA4B2C}"
EndProject
Project("{9A19103F-16F7-4668-BE54-9A1E7A4F7556}") = "Minerals.AutoInterfaces.Tests", "Minerals.AutoInterfaces.Tests\Minerals.AutoInterfaces.Tests.csproj", "{C6B3DD3E-5F8C-455F-8D38-0796230805D4}"
EndProject
Global
	GlobalSection(SolutionConfigurationPlatforms) = preSolution
		Debug|Any CPU = Debug|Any CPU
		Release|Any CPU = Release|Any CPU
	EndGlobalSection
	GlobalSection(ProjectConfigurationPlatforms) = postSolution
		{1009E0D3-C4C0-4303-BBC3-D44E17FA4B2C}.Debug|Any CPU.ActiveCfg = Debug|Any CPU
		{1009E0D3-C4C0-4303-BBC3-D44E17FA4B2C}.Debug|Any CPU.Build.0 = Debug|Any CPU
		{1009E0D3-C4C0-4303-BBC3-D44E17FA4B2C}.Release|Any CPU.ActiveCfg = Release|Any CPU
		{1009E0D3-C4C0-4303-BBC3-D44E17FA4B2C}.Release|Any CPU.Build.0 = Release|Any CPU
		{C6B3DD3E-5F8C-455F-8D38-0796230805D4}.Debug|Any CPU.ActiveCfg = Debug|Any CPU
		{C6B3DD3E-5F8C-455F-8D38-0796230805D4}.Debug|Any CPU.Build.0 = Debug|Any CPU
		{C6B3DD3E-5F8C-455F-8D38-0796230805D4}.Release|Any CPU.ActiveCfg = Release|Any CPU
		{C6B3DD3E-5F8C-455F-8D38-0796230805D4}.Release|Any CPU.Build.0 = Release|Any CPU
	EndGlobalSection
	GlobalSection(SolutionProperties) = preSolution
		HideSolutionNode = FALSE
	EndGlobalSection
	GlobalSection(ExtensibilityGlobals) = postSolution
		SolutionGuid = {EE76CBF6-3CCB-4A89-BA4F-92B4C3C34C39}
	EndGlobalSection
EndGlobal
