
Microsoft Visual Studio Solution File, Format Version 12.00
# Visual Studio Version 17
VisualStudioVersion = 17.5.002.0
MinimumVisualStudioVersion = 10.0.40219.1
Project("{9A19103F-16F7-4668-BE54-9A1E7A4F7556}") = "Minerals.AutoInterfaces", "Minerals.AutoInterfaces\Minerals.AutoInterfaces.csproj", "{F9E1D9B9-5B2A-4C7E-AE01-7AD2D4CBE5A8}"
EndProject
Project("{9A19103F-16F7-4668-BE54-9A1E7A4F7556}") = "Minerals.AutoInterfaces.Benchmarks", "Minerals.AutoInterfaces.Benchmarks\Minerals.AutoInterfaces.Benchmarks.csproj", "{A2BAC04A-12FA-4F5C-957F-5415D57401FC}"
EndProject
Project("{9A19103F-16F7-4668-BE54-9A1E7A4F7556}") = "Minerals.AutoInterfaces.Tests", "Minerals.AutoInterfaces.Tests\Minerals.AutoInterfaces.Tests.csproj", "{594B21D1-FC69-4F78-AD94-2A83AA9804E4}"
EndProject
Global
	GlobalSection(SolutionConfigurationPlatforms) = preSolution
		Debug|Any CPU = Debug|Any CPU
		Release|Any CPU = Release|Any CPU
	EndGlobalSection
	GlobalSection(ProjectConfigurationPlatforms) = postSolution
		{F9E1D9B9-5B2A-4C7E-AE01-7AD2D4CBE5A8}.Debug|Any CPU.ActiveCfg = Debug|Any CPU
		{F9E1D9B9-5B2A-4C7E-AE01-7AD2D4CBE5A8}.Debug|Any CPU.Build.0 = Debug|Any CPU
		{F9E1D9B9-5B2A-4C7E-AE01-7AD2D4CBE5A8}.Release|Any CPU.ActiveCfg = Release|Any CPU
		{F9E1D9B9-5B2A-4C7E-AE01-7AD2D4CBE5A8}.Release|Any CPU.Build.0 = Release|Any CPU
		{A2BAC04A-12FA-4F5C-957F-5415D57401FC}.Debug|Any CPU.ActiveCfg = Debug|Any CPU
		{A2BAC04A-12FA-4F5C-957F-5415D57401FC}.Debug|Any CPU.Build.0 = Debug|Any CPU
		{A2BAC04A-12FA-4F5C-957F-5415D57401FC}.Release|Any CPU.ActiveCfg = Release|Any CPU
		{A2BAC04A-12FA-4F5C-957F-5415D57401FC}.Release|Any CPU.Build.0 = Release|Any CPU
		{594B21D1-FC69-4F78-AD94-2A83AA9804E4}.Debug|Any CPU.ActiveCfg = Debug|Any CPU
		{594B21D1-FC69-4F78-AD94-2A83AA9804E4}.Debug|Any CPU.Build.0 = Debug|Any CPU
		{594B21D1-FC69-4F78-AD94-2A83AA9804E4}.Release|Any CPU.ActiveCfg = Release|Any CPU
		{594B21D1-FC69-4F78-AD94-2A83AA9804E4}.Release|Any CPU.Build.0 = Release|Any CPU
	EndGlobalSection
	GlobalSection(SolutionProperties) = preSolution
		HideSolutionNode = FALSE
	EndGlobalSection
	GlobalSection(ExtensibilityGlobals) = postSolution
		SolutionGuid = {ED8AB66A-5CC5-4725-8E9A-A9687E6BA0C4}
	EndGlobalSection
EndGlobal
